{
  "name": "@slatedb/uniffi",
  "version": "0.11.1",
  "lockfileVersion": 3,
  "requires": true,
  "packages": {
    "": {
      "name": "@slatedb/uniffi",
      "version": "0.11.1",
      "license": "Apache-2.0",
      "dependencies": {
        "koffi": "^2.0.0"
      },
      "engines": {
        "node": ">=20"
      }
    },
    "node_modules/koffi": {
      "version": "2.15.2",
      "resolved": "https://registry.npmjs.org/koffi/-/koffi-2.15.2.tgz",
      "integrity": "sha512-r9tjJLVRSOhCRWdVyQlF3/Ugzeg13jlzS4czS82MAgLff4W+BcYOW7g8Y62t9O5JYjYOLAjAovAZDNlDfZNu+g==",
      "hasInstallScript": true,
      "license": "MIT",
      "funding": {
        "url": "https://liberapay.com/Koromix"
      }
    }
  }
}
